
Microsoft Visual Studio Solution File, Format Version 12.00
# Visual Studio Version 16
VisualStudioVersion = 16.0.31729.503
MinimumVisualStudioVersion = 10.0.40219.1
Project("{2150E333-8FDC-42A3-9474-1A3956D46DE8}") = "Database", "Database", "{EECC7421-44C8-4875-AF5A-73AC822B0130}"
EndProject
Project("{2150E333-8FDC-42A3-9474-1A3956D46DE8}") = "Service", "Service", "{2DD6B289-7BB7-44B6-816A-0BBC25F084A6}"
EndProject
Project("{2150E333-8FDC-42A3-9474-1A3956D46DE8}") = "Web", "Web", "{BC6E1BC2-3D1C-4AC3-AD26-0185BB5C7457}"
EndProject
Project("{2150E333-8FDC-42A3-9474-1A3956D46DE8}") = "Tests", "Tests", "{5995CDB8-2206-4534-A5A5-B4D0A71C075A}"
EndProject
Project("{9A19103F-16F7-4668-BE54-9A1E7A4F7556}") = "Domain", "Domain\Domain.csproj", "{5034A95E-18BF-4257-8E31-60BDE5E10A12}"
EndProject
Project("{9A19103F-16F7-4668-BE54-9A1E7A4F7556}") = "Services", "Services\Services.csproj", "{57321CCD-F577-4D1E-855F-8352B2C36899}"
EndProject
Project("{2150E333-8FDC-42A3-9474-1A3956D46DE8}") = "Unit", "Unit", "{1588E8C1-E648-43F5-9B8B-24ADD773499D}"
EndProject
Project("{2150E333-8FDC-42A3-9474-1A3956D46DE8}") = "Integration", "Integration", "{7FACD365-2FA6-453A-90B0-D984B1BC7226}"
EndProject
Project("{9A19103F-16F7-4668-BE54-9A1E7A4F7556}") = "UnitTests", "UnitTests\UnitTests.csproj", "{FB36E1E1-E417-4F5E-A43D-425B724BEE38}"
EndProject
Project("{9A19103F-16F7-4668-BE54-9A1E7A4F7556}") = "IntegrationTests", "IntegrationTests\IntegrationTests.csproj", "{D3506EEB-E9F3-4506-A7ED-BEBB42FC7442}"
EndProject
Project("{9A19103F-16F7-4668-BE54-9A1E7A4F7556}") = "API", "API\API.csproj", "{AC54AAD8-08AE-4CD3-80F5-ECDD09D0A976}"
EndProject
Project("{00D1A9C2-B5F0-4AF3-8072-F6C62B433612}") = "Model", "Model\Model.sqlproj", "{120AA83D-CAAF-4E89-99A5-D4B539C3B218}"
EndProject
Global
	GlobalSection(SolutionConfigurationPlatforms) = preSolution
		Debug|Any CPU = Debug|Any CPU
		Release|Any CPU = Release|Any CPU
	EndGlobalSection
	GlobalSection(ProjectConfigurationPlatforms) = postSolution
		{5034A95E-18BF-4257-8E31-60BDE5E10A12}.Debug|Any CPU.ActiveCfg = Debug|Any CPU
		{5034A95E-18BF-4257-8E31-60BDE5E10A12}.Debug|Any CPU.Build.0 = Debug|Any CPU
		{5034A95E-18BF-4257-8E31-60BDE5E10A12}.Release|Any CPU.ActiveCfg = Release|Any CPU
		{5034A95E-18BF-4257-8E31-60BDE5E10A12}.Release|Any CPU.Build.0 = Release|Any CPU
		{57321CCD-F577-4D1E-855F-8352B2C36899}.Debug|Any CPU.ActiveCfg = Debug|Any CPU
		{57321CCD-F577-4D1E-855F-8352B2C36899}.Debug|Any CPU.Build.0 = Debug|Any CPU
		{57321CCD-F577-4D1E-855F-8352B2C36899}.Release|Any CPU.ActiveCfg = Release|Any CPU
		{57321CCD-F577-4D1E-855F-8352B2C36899}.Release|Any CPU.Build.0 = Release|Any CPU
		{FB36E1E1-E417-4F5E-A43D-425B724BEE38}.Debug|Any CPU.ActiveCfg = Debug|Any CPU
		{FB36E1E1-E417-4F5E-A43D-425B724BEE38}.Debug|Any CPU.Build.0 = Debug|Any CPU
		{FB36E1E1-E417-4F5E-A43D-425B724BEE38}.Release|Any CPU.ActiveCfg = Release|Any CPU
		{FB36E1E1-E417-4F5E-A43D-425B724BEE38}.Release|Any CPU.Build.0 = Release|Any CPU
		{D3506EEB-E9F3-4506-A7ED-BEBB42FC7442}.Debug|Any CPU.ActiveCfg = Debug|Any CPU
		{D3506EEB-E9F3-4506-A7ED-BEBB42FC7442}.Debug|Any CPU.Build.0 = Debug|Any CPU
		{D3506EEB-E9F3-4506-A7ED-BEBB42FC7442}.Release|Any CPU.ActiveCfg = Release|Any CPU
		{D3506EEB-E9F3-4506-A7ED-BEBB42FC7442}.Release|Any CPU.Build.0 = Release|Any CPU
		{AC54AAD8-08AE-4CD3-80F5-ECDD09D0A976}.Debug|Any CPU.ActiveCfg = Debug|Any CPU
		{AC54AAD8-08AE-4CD3-80F5-ECDD09D0A976}.Debug|Any CPU.Build.0 = Debug|Any CPU
		{AC54AAD8-08AE-4CD3-80F5-ECDD09D0A976}.Release|Any CPU.ActiveCfg = Release|Any CPU
		{AC54AAD8-08AE-4CD3-80F5-ECDD09D0A976}.Release|Any CPU.Build.0 = Release|Any CPU
		{120AA83D-CAAF-4E89-99A5-D4B539C3B218}.Debug|Any CPU.ActiveCfg = Debug|Any CPU
		{120AA83D-CAAF-4E89-99A5-D4B539C3B218}.Debug|Any CPU.Build.0 = Debug|Any CPU
		{120AA83D-CAAF-4E89-99A5-D4B539C3B218}.Debug|Any CPU.Deploy.0 = Debug|Any CPU
		{120AA83D-CAAF-4E89-99A5-D4B539C3B218}.Release|Any CPU.ActiveCfg = Release|Any CPU
		{120AA83D-CAAF-4E89-99A5-D4B539C3B218}.Release|Any CPU.Build.0 = Release|Any CPU
		{120AA83D-CAAF-4E89-99A5-D4B539C3B218}.Release|Any CPU.Deploy.0 = Release|Any CPU
	EndGlobalSection
	GlobalSection(SolutionProperties) = preSolution
		HideSolutionNode = FALSE
	EndGlobalSection
	GlobalSection(NestedProjects) = preSolution
		{5034A95E-18BF-4257-8E31-60BDE5E10A12} = {EECC7421-44C8-4875-AF5A-73AC822B0130}
		{57321CCD-F577-4D1E-855F-8352B2C36899} = {2DD6B289-7BB7-44B6-816A-0BBC25F084A6}
		{1588E8C1-E648-43F5-9B8B-24ADD773499D} = {5995CDB8-2206-4534-A5A5-B4D0A71C075A}
		{7FACD365-2FA6-453A-90B0-D984B1BC7226} = {5995CDB8-2206-4534-A5A5-B4D0A71C075A}
		{FB36E1E1-E417-4F5E-A43D-425B724BEE38} = {1588E8C1-E648-43F5-9B8B-24ADD773499D}
		{D3506EEB-E9F3-4506-A7ED-BEBB42FC7442} = {7FACD365-2FA6-453A-90B0-D984B1BC7226}
		{AC54AAD8-08AE-4CD3-80F5-ECDD09D0A976} = {BC6E1BC2-3D1C-4AC3-AD26-0185BB5C7457}
		{120AA83D-CAAF-4E89-99A5-D4B539C3B218} = {EECC7421-44C8-4875-AF5A-73AC822B0130}
	EndGlobalSection
	GlobalSection(ExtensibilityGlobals) = postSolution
		SolutionGuid = {794C8E0E-BD2B-4CE6-9F8D-1ADEA2509A2D}
	EndGlobalSection
EndGlobal
